// !$*UTF8*$!
{
	archiveVersion = 1;
	classes = {
	};
	objectVersion = 46;
	objects = {

/* Begin PBXBuildFile section */
		4413B4541E0A0A9B00DD7600 /* main.m in Sources */ = {isa = PBXBuildFile; fileRef = 4413B4531E0A0A9B00DD7600 /* main.m */; };
		4413B4661E0A0C5C00DD7600 /* SNSNetworkManageCenter.m in Sources */ = {isa = PBXBuildFile; fileRef = 4413B4651E0A0C5C00DD7600 /* SNSNetworkManageCenter.m */; };
		4413B4691E0A0C7D00DD7600 /* SNSTaskDistributionCenter.m in Sources */ = {isa = PBXBuildFile; fileRef = 4413B4681E0A0C7D00DD7600 /* SNSTaskDistributionCenter.m */; };
		4413B4701E0A109B00DD7600 /* SNSSatellite.m in Sources */ = {isa = PBXBuildFile; fileRef = 4413B46F1E0A109B00DD7600 /* SNSSatellite.m */; };
		4413B4731E0A140700DD7600 /* SNSUserSatellite.m in Sources */ = {isa = PBXBuildFile; fileRef = 4413B4721E0A140700DD7600 /* SNSUserSatellite.m */; };
		4413B4851E0A1D2800DD7600 /* SNSSatelliteGraphicDataPackage.m in Sources */ = {isa = PBXBuildFile; fileRef = 4413B4841E0A1D2800DD7600 /* SNSSatelliteGraphicDataPackage.m */; };
		4413B4881E0A1D7000DD7600 /* SNSSGDPBufferedQueue.m in Sources */ = {isa = PBXBuildFile; fileRef = 4413B4871E0A1D7000DD7600 /* SNSSGDPBufferedQueue.m */; };
		4413B48E1E0A1DB600DD7600 /* SNSSatelliteGraphicTaskExecution.m in Sources */ = {isa = PBXBuildFile; fileRef = 4413B48D1E0A1DB600DD7600 /* SNSSatelliteGraphicTaskExecution.m */; };
		4413B4911E0A1DBD00DD7600 /* SNSSGTaskExecutionQueue.m in Sources */ = {isa = PBXBuildFile; fileRef = 4413B4901E0A1DBD00DD7600 /* SNSSGTaskExecutionQueue.m */; };
		4413B4941E0A2B3500DD7600 /* SNSSatelliteAction.m in Sources */ = {isa = PBXBuildFile; fileRef = 4413B4931E0A2B3500DD7600 /* SNSSatelliteAction.m */; };
		4413B49B1E0A5B6A00DD7600 /* SNSDelaySatellite.m in Sources */ = {isa = PBXBuildFile; fileRef = 4413B49A1E0A5B6A00DD7600 /* SNSDelaySatellite.m */; };
		4413B4A11E0A693600DD7600 /* SNSSGDPCTTaskExecution.m in Sources */ = {isa = PBXBuildFile; fileRef = 4413B4A01E0A693600DD7600 /* SNSSGDPCTTaskExecution.m */; };
		4413B4A41E0A6A1900DD7600 /* SNSSGDPCTTaskExecutionQueue.m in Sources */ = {isa = PBXBuildFile; fileRef = 4413B4A31E0A6A1900DD7600 /* SNSSGDPCTTaskExecutionQueue.m */; };
		4413B4AB1E0A803A00DD7600 /* SNSCoreCenter.m in Sources */ = {isa = PBXBuildFile; fileRef = 4413B4AA1E0A803A00DD7600 /* SNSCoreCenter.m */; };
		4413B4AD1E0A80AE00DD7600 /* SNSDetailDetectSatellite.m in Sources */ = {isa = PBXBuildFile; fileRef = 4413B4AC1E0A80AE00DD7600 /* SNSDetailDetectSatellite.m */; };
		4413B4B01E0B5F0E00DD7600 /* SNSSatelliteAntenna.m in Sources */ = {isa = PBXBuildFile; fileRef = 4413B4AF1E0B5F0E00DD7600 /* SNSSatelliteAntenna.m */; };
		4413B4B31E0B6B5400DD7600 /* SNSUserSatelliteAntenna.m in Sources */ = {isa = PBXBuildFile; fileRef = 4413B4B21E0B6B5400DD7600 /* SNSUserSatelliteAntenna.m */; };
		4413B4B61E0B6B8400DD7600 /* SNSDelaySatelliteAntenna.m in Sources */ = {isa = PBXBuildFile; fileRef = 4413B4B51E0B6B8400DD7600 /* SNSDelaySatelliteAntenna.m */; };
		4413B4BA1E0CD93600DD7600 /* SNSSGDataPackgeCollection.m in Sources */ = {isa = PBXBuildFile; fileRef = 4413B4B91E0CD93600DD7600 /* SNSSGDataPackgeCollection.m */; };
		4413B4BD1E0D17EE00DD7600 /* SNSSpacePoint.m in Sources */ = {isa = PBXBuildFile; fileRef = 4413B4BC1E0D17EE00DD7600 /* SNSSpacePoint.m */; };
		4413B4C01E0D181000DD7600 /* SNSEarthPoint.m in Sources */ = {isa = PBXBuildFile; fileRef = 4413B4BF1E0D181000DD7600 /* SNSEarthPoint.m */; };
		4413B4C31E0D187600DD7600 /* SNSMath.m in Sources */ = {isa = PBXBuildFile; fileRef = 4413B4C21E0D187600DD7600 /* SNSMath.m */; };
		4413B4C61E0D237700DD7600 /* SNSHotArea.m in Sources */ = {isa = PBXBuildFile; fileRef = 4413B4C51E0D237700DD7600 /* SNSHotArea.m */; };
		4413B4C91E0D255F00DD7600 /* SNSSGDetailDetectTask.m in Sources */ = {isa = PBXBuildFile; fileRef = 4413B4C81E0D255F00DD7600 /* SNSSGDetailDetectTask.m */; };
		441E6D861E15EA0600198113 /* SNSWideAreaScanSatellite.m in Sources */ = {isa = PBXBuildFile; fileRef = 441E6D851E15EA0600198113 /* SNSWideAreaScanSatellite.m */; };
		441E6D891E164AF000198113 /* SNSRouteRecord.m in Sources */ = {isa = PBXBuildFile; fileRef = 441E6D881E164AF000198113 /* SNSRouteRecord.m */; };
		441E6D8C1E193BF400198113 /* SNSGroundStation.m in Sources */ = {isa = PBXBuildFile; fileRef = 441E6D8B1E193BF400198113 /* SNSGroundStation.m */; };
		441E6D931E1A038800198113 /* SNSGroundStationAntenna.m in Sources */ = {isa = PBXBuildFile; fileRef = 441E6D921E1A038800198113 /* SNSGroundStationAntenna.m */; };
		441E6D961E1A7E1200198113 /* SNSAntenna.m in Sources */ = {isa = PBXBuildFile; fileRef = 441E6D951E1A7E1200198113 /* SNSAntenna.m */; };
		441E6D9E1E1B4AA400198113 /* SNSWideScanArea.m in Sources */ = {isa = PBXBuildFile; fileRef = 441E6D9D1E1B4AA400198113 /* SNSWideScanArea.m */; };
		441E6DA11E1B7FD200198113 /* SNSNatureDisaster.m in Sources */ = {isa = PBXBuildFile; fileRef = 441E6DA01E1B7FD200198113 /* SNSNatureDisaster.m */; };
		44B0BFC11E0FE6A800222965 /* SNSPlanedDetailDetectTask.m in Sources */ = {isa = PBXBuildFile; fileRef = 44B0BFC01E0FE6A800222965 /* SNSPlanedDetailDetectTask.m */; };
/* End PBXBuildFile section */

/* Begin PBXCopyFilesBuildPhase section */
		4413B44E1E0A0A9B00DD7600 /* CopyFiles */ = {
			isa = PBXCopyFilesBuildPhase;
			buildActionMask = 2147483647;
			dstPath = /usr/share/man/man1/;
			dstSubfolderSpec = 0;
			files = (
			);
			runOnlyForDeploymentPostprocessing = 1;
		};
/* End PBXCopyFilesBuildPhase section */

/* Begin PBXFileReference section */
		4413B4501E0A0A9B00DD7600 /* SNS */ = {isa = PBXFileReference; explicitFileType = "compiled.mach-o.executable"; includeInIndex = 0; path = SNS; sourceTree = BUILT_PRODUCTS_DIR; };
		4413B4531E0A0A9B00DD7600 /* main.m */ = {isa = PBXFileReference; lastKnownFileType = sourcecode.c.objc; path = main.m; sourceTree = "<group>"; };
		4413B4641E0A0C5C00DD7600 /* SNSNetworkManageCenter.h */ = {isa = PBXFileReference; fileEncoding = 4; lastKnownFileType = sourcecode.c.h; path = SNSNetworkManageCenter.h; sourceTree = "<group>"; };
		4413B4651E0A0C5C00DD7600 /* SNSNetworkManageCenter.m */ = {isa = PBXFileReference; fileEncoding = 4; lastKnownFileType = sourcecode.c.objc; path = SNSNetworkManageCenter.m; sourceTree = "<group>"; };
		4413B4671E0A0C7D00DD7600 /* SNSTaskDistributionCenter.h */ = {isa = PBXFileReference; fileEncoding = 4; lastKnownFileType = sourcecode.c.h; path = SNSTaskDistributionCenter.h; sourceTree = "<group>"; };
		4413B4681E0A0C7D00DD7600 /* SNSTaskDistributionCenter.m */ = {isa = PBXFileReference; fileEncoding = 4; lastKnownFileType = sourcecode.c.objc; path = SNSTaskDistributionCenter.m; sourceTree = "<group>"; };
		4413B46F1E0A109B00DD7600 /* SNSSatellite.m */ = {isa = PBXFileReference; fileEncoding = 4; lastKnownFileType = sourcecode.c.objc; path = SNSSatellite.m; sourceTree = "<group>"; };
		4413B4711E0A140700DD7600 /* SNSUserSatellite.h */ = {isa = PBXFileReference; fileEncoding = 4; lastKnownFileType = sourcecode.c.h; path = SNSUserSatellite.h; sourceTree = "<group>"; };
		4413B4721E0A140700DD7600 /* SNSUserSatellite.m */ = {isa = PBXFileReference; fileEncoding = 4; lastKnownFileType = sourcecode.c.objc; path = SNSUserSatellite.m; sourceTree = "<group>"; };
		4413B4771E0A178100DD7600 /* SNSDetailDetectSatellite.h */ = {isa = PBXFileReference; fileEncoding = 4; lastKnownFileType = sourcecode.c.h; path = SNSDetailDetectSatellite.h; sourceTree = "<group>"; };
		4413B4831E0A1D2800DD7600 /* SNSSatelliteGraphicDataPackage.h */ = {isa = PBXFileReference; fileEncoding = 4; lastKnownFileType = sourcecode.c.h; path = SNSSatelliteGraphicDataPackage.h; sourceTree = "<group>"; };
		4413B4841E0A1D2800DD7600 /* SNSSatelliteGraphicDataPackage.m */ = {isa = PBXFileReference; fileEncoding = 4; lastKnownFileType = sourcecode.c.objc; path = SNSSatelliteGraphicDataPackage.m; sourceTree = "<group>"; };
		4413B4861E0A1D7000DD7600 /* SNSSGDPBufferedQueue.h */ = {isa = PBXFileReference; fileEncoding = 4; lastKnownFileType = sourcecode.c.h; path = SNSSGDPBufferedQueue.h; sourceTree = "<group>"; };
		4413B4871E0A1D7000DD7600 /* SNSSGDPBufferedQueue.m */ = {isa = PBXFileReference; fileEncoding = 4; lastKnownFileType = sourcecode.c.objc; path = SNSSGDPBufferedQueue.m; sourceTree = "<group>"; };
		4413B48C1E0A1DB600DD7600 /* SNSSatelliteGraphicTaskExecution.h */ = {isa = PBXFileReference; fileEncoding = 4; lastKnownFileType = sourcecode.c.h; path = SNSSatelliteGraphicTaskExecution.h; sourceTree = "<group>"; };
		4413B48D1E0A1DB600DD7600 /* SNSSatelliteGraphicTaskExecution.m */ = {isa = PBXFileReference; fileEncoding = 4; lastKnownFileType = sourcecode.c.objc; path = SNSSatelliteGraphicTaskExecution.m; sourceTree = "<group>"; };
		4413B48F1E0A1DBD00DD7600 /* SNSSGTaskExecutionQueue.h */ = {isa = PBXFileReference; fileEncoding = 4; lastKnownFileType = sourcecode.c.h; path = SNSSGTaskExecutionQueue.h; sourceTree = "<group>"; };
		4413B4901E0A1DBD00DD7600 /* SNSSGTaskExecutionQueue.m */ = {isa = PBXFileReference; fileEncoding = 4; lastKnownFileType = sourcecode.c.objc; path = SNSSGTaskExecutionQueue.m; sourceTree = "<group>"; };
		4413B4921E0A2B3400DD7600 /* SNSSatelliteAction.h */ = {isa = PBXFileReference; fileEncoding = 4; lastKnownFileType = sourcecode.c.h; path = SNSSatelliteAction.h; sourceTree = "<group>"; };
		4413B4931E0A2B3500DD7600 /* SNSSatelliteAction.m */ = {isa = PBXFileReference; fileEncoding = 4; lastKnownFileType = sourcecode.c.objc; path = SNSSatelliteAction.m; sourceTree = "<group>"; };
		4413B4961E0A2B9200DD7600 /* MICRO_SATELLITE.h */ = {isa = PBXFileReference; fileEncoding = 4; lastKnownFileType = sourcecode.c.h; path = MICRO_SATELLITE.h; sourceTree = "<group>"; };
		4413B4981E0A2C7D00DD7600 /* PrefixHeader.pch */ = {isa = PBXFileReference; fileEncoding = 4; lastKnownFileType = sourcecode.c.h; path = PrefixHeader.pch; sourceTree = "<group>"; };
		4413B4991E0A5B6900DD7600 /* SNSDelaySatellite.h */ = {isa = PBXFileReference; fileEncoding = 4; lastKnownFileType = sourcecode.c.h; path = SNSDelaySatellite.h; sourceTree = "<group>"; };
		4413B49A1E0A5B6A00DD7600 /* SNSDelaySatellite.m */ = {isa = PBXFileReference; fileEncoding = 4; lastKnownFileType = sourcecode.c.objc; path = SNSDelaySatellite.m; sourceTree = "<group>"; };
		4413B49F1E0A693600DD7600 /* SNSSGDPCTTaskExecution.h */ = {isa = PBXFileReference; fileEncoding = 4; lastKnownFileType = sourcecode.c.h; path = SNSSGDPCTTaskExecution.h; sourceTree = "<group>"; };
		4413B4A01E0A693600DD7600 /* SNSSGDPCTTaskExecution.m */ = {isa = PBXFileReference; fileEncoding = 4; lastKnownFileType = sourcecode.c.objc; path = SNSSGDPCTTaskExecution.m; sourceTree = "<group>"; };
		4413B4A21E0A6A1900DD7600 /* SNSSGDPCTTaskExecutionQueue.h */ = {isa = PBXFileReference; fileEncoding = 4; lastKnownFileType = sourcecode.c.h; path = SNSSGDPCTTaskExecutionQueue.h; sourceTree = "<group>"; };
		4413B4A31E0A6A1900DD7600 /* SNSSGDPCTTaskExecutionQueue.m */ = {isa = PBXFileReference; fileEncoding = 4; lastKnownFileType = sourcecode.c.objc; path = SNSSGDPCTTaskExecutionQueue.m; sourceTree = "<group>"; };
		4413B4A61E0A7FDA00DD7600 /* SNSSatellite.h */ = {isa = PBXFileReference; fileEncoding = 4; lastKnownFileType = sourcecode.c.h; path = SNSSatellite.h; sourceTree = "<group>"; };
		4413B4A71E0A800300DD7600 /* SNSCoreCenter.h */ = {isa = PBXFileReference; fileEncoding = 4; lastKnownFileType = sourcecode.c.h; path = SNSCoreCenter.h; sourceTree = "<group>"; };
		4413B4AA1E0A803A00DD7600 /* SNSCoreCenter.m */ = {isa = PBXFileReference; fileEncoding = 4; lastKnownFileType = sourcecode.c.objc; path = SNSCoreCenter.m; sourceTree = "<group>"; };
		4413B4AC1E0A80AE00DD7600 /* SNSDetailDetectSatellite.m */ = {isa = PBXFileReference; fileEncoding = 4; lastKnownFileType = sourcecode.c.objc; path = SNSDetailDetectSatellite.m; sourceTree = "<group>"; };
		4413B4AE1E0B5F0E00DD7600 /* SNSSatelliteAntenna.h */ = {isa = PBXFileReference; fileEncoding = 4; lastKnownFileType = sourcecode.c.h; path = SNSSatelliteAntenna.h; sourceTree = "<group>"; };
		4413B4AF1E0B5F0E00DD7600 /* SNSSatelliteAntenna.m */ = {isa = PBXFileReference; fileEncoding = 4; lastKnownFileType = sourcecode.c.objc; path = SNSSatelliteAntenna.m; sourceTree = "<group>"; };
		4413B4B11E0B6B5400DD7600 /* SNSUserSatelliteAntenna.h */ = {isa = PBXFileReference; fileEncoding = 4; lastKnownFileType = sourcecode.c.h; path = SNSUserSatelliteAntenna.h; sourceTree = "<group>"; };
		4413B4B21E0B6B5400DD7600 /* SNSUserSatelliteAntenna.m */ = {isa = PBXFileReference; fileEncoding = 4; lastKnownFileType = sourcecode.c.objc; path = SNSUserSatelliteAntenna.m; sourceTree = "<group>"; };
		4413B4B41E0B6B8400DD7600 /* SNSDelaySatelliteAntenna.h */ = {isa = PBXFileReference; fileEncoding = 4; lastKnownFileType = sourcecode.c.h; path = SNSDelaySatelliteAntenna.h; sourceTree = "<group>"; };
		4413B4B51E0B6B8400DD7600 /* SNSDelaySatelliteAntenna.m */ = {isa = PBXFileReference; fileEncoding = 4; lastKnownFileType = sourcecode.c.objc; path = SNSDelaySatelliteAntenna.m; sourceTree = "<group>"; };
		4413B4B81E0CD93600DD7600 /* SNSSGDataPackgeCollection.h */ = {isa = PBXFileReference; fileEncoding = 4; lastKnownFileType = sourcecode.c.h; path = SNSSGDataPackgeCollection.h; sourceTree = "<group>"; };
		4413B4B91E0CD93600DD7600 /* SNSSGDataPackgeCollection.m */ = {isa = PBXFileReference; fileEncoding = 4; lastKnownFileType = sourcecode.c.objc; path = SNSSGDataPackgeCollection.m; sourceTree = "<group>"; };
		4413B4BB1E0D17EE00DD7600 /* SNSSpacePoint.h */ = {isa = PBXFileReference; fileEncoding = 4; lastKnownFileType = sourcecode.c.h; path = SNSSpacePoint.h; sourceTree = "<group>"; };
		4413B4BC1E0D17EE00DD7600 /* SNSSpacePoint.m */ = {isa = PBXFileReference; fileEncoding = 4; lastKnownFileType = sourcecode.c.objc; path = SNSSpacePoint.m; sourceTree = "<group>"; };
		4413B4BE1E0D181000DD7600 /* SNSEarthPoint.h */ = {isa = PBXFileReference; fileEncoding = 4; lastKnownFileType = sourcecode.c.h; path = SNSEarthPoint.h; sourceTree = "<group>"; };
		4413B4BF1E0D181000DD7600 /* SNSEarthPoint.m */ = {isa = PBXFileReference; fileEncoding = 4; lastKnownFileType = sourcecode.c.objc; path = SNSEarthPoint.m; sourceTree = "<group>"; };
		4413B4C11E0D187600DD7600 /* SNSMath.h */ = {isa = PBXFileReference; fileEncoding = 4; lastKnownFileType = sourcecode.c.h; path = SNSMath.h; sourceTree = "<group>"; };
		4413B4C21E0D187600DD7600 /* SNSMath.m */ = {isa = PBXFileReference; fileEncoding = 4; lastKnownFileType = sourcecode.c.objc; path = SNSMath.m; sourceTree = "<group>"; };
		4413B4C41E0D237700DD7600 /* SNSHotArea.h */ = {isa = PBXFileReference; fileEncoding = 4; lastKnownFileType = sourcecode.c.h; path = SNSHotArea.h; sourceTree = "<group>"; };
		4413B4C51E0D237700DD7600 /* SNSHotArea.m */ = {isa = PBXFileReference; fileEncoding = 4; lastKnownFileType = sourcecode.c.objc; path = SNSHotArea.m; sourceTree = "<group>"; };
		4413B4C71E0D255F00DD7600 /* SNSSGDetailDetectTask.h */ = {isa = PBXFileReference; fileEncoding = 4; lastKnownFileType = sourcecode.c.h; path = SNSSGDetailDetectTask.h; sourceTree = "<group>"; };
		4413B4C81E0D255F00DD7600 /* SNSSGDetailDetectTask.m */ = {isa = PBXFileReference; fileEncoding = 4; lastKnownFileType = sourcecode.c.objc; path = SNSSGDetailDetectTask.m; sourceTree = "<group>"; };
		441E6D841E15EA0600198113 /* SNSWideAreaScanSatellite.h */ = {isa = PBXFileReference; fileEncoding = 4; lastKnownFileType = sourcecode.c.h; path = SNSWideAreaScanSatellite.h; sourceTree = "<group>"; };
		441E6D851E15EA0600198113 /* SNSWideAreaScanSatellite.m */ = {isa = PBXFileReference; fileEncoding = 4; lastKnownFileType = sourcecode.c.objc; path = SNSWideAreaScanSatellite.m; sourceTree = "<group>"; };
		441E6D871E164AF000198113 /* SNSRouteRecord.h */ = {isa = PBXFileReference; fileEncoding = 4; lastKnownFileType = sourcecode.c.h; path = SNSRouteRecord.h; sourceTree = "<group>"; };
		441E6D881E164AF000198113 /* SNSRouteRecord.m */ = {isa = PBXFileReference; fileEncoding = 4; lastKnownFileType = sourcecode.c.objc; path = SNSRouteRecord.m; sourceTree = "<group>"; };
		441E6D8A1E193BF400198113 /* SNSGroundStation.h */ = {isa = PBXFileReference; fileEncoding = 4; lastKnownFileType = sourcecode.c.h; path = SNSGroundStation.h; sourceTree = "<group>"; };
		441E6D8B1E193BF400198113 /* SNSGroundStation.m */ = {isa = PBXFileReference; fileEncoding = 4; lastKnownFileType = sourcecode.c.objc; path = SNSGroundStation.m; sourceTree = "<group>"; };
		441E6D921E1A038800198113 /* SNSGroundStationAntenna.m */ = {isa = PBXFileReference; fileEncoding = 4; lastKnownFileType = sourcecode.c.objc; path = SNSGroundStationAntenna.m; sourceTree = "<group>"; };
		441E6D941E1A7DF800198113 /* SNSAntenna.h */ = {isa = PBXFileReference; fileEncoding = 4; lastKnownFileType = sourcecode.c.h; path = SNSAntenna.h; sourceTree = "<group>"; };
		441E6D951E1A7E1200198113 /* SNSAntenna.m */ = {isa = PBXFileReference; fileEncoding = 4; lastKnownFileType = sourcecode.c.objc; path = SNSAntenna.m; sourceTree = "<group>"; };
		441E6D971E1A7E4800198113 /* SNSGroundStationAntenna.h */ = {isa = PBXFileReference; fileEncoding = 4; lastKnownFileType = sourcecode.c.h; path = SNSGroundStationAntenna.h; sourceTree = "<group>"; };
		441E6D9C1E1B4AA400198113 /* SNSWideScanArea.h */ = {isa = PBXFileReference; fileEncoding = 4; lastKnownFileType = sourcecode.c.h; path = SNSWideScanArea.h; sourceTree = "<group>"; };
		441E6D9D1E1B4AA400198113 /* SNSWideScanArea.m */ = {isa = PBXFileReference; fileEncoding = 4; lastKnownFileType = sourcecode.c.objc; path = SNSWideScanArea.m; sourceTree = "<group>"; };
		441E6D9F1E1B7FD200198113 /* SNSNatureDisaster.h */ = {isa = PBXFileReference; fileEncoding = 4; lastKnownFileType = sourcecode.c.h; path = SNSNatureDisaster.h; sourceTree = "<group>"; };
		441E6DA01E1B7FD200198113 /* SNSNatureDisaster.m */ = {isa = PBXFileReference; fileEncoding = 4; lastKnownFileType = sourcecode.c.objc; path = SNSNatureDisaster.m; sourceTree = "<group>"; };
		44B0BFBF1E0FE6A800222965 /* SNSPlanedDetailDetectTask.h */ = {isa = PBXFileReference; fileEncoding = 4; lastKnownFileType = sourcecode.c.h; path = SNSPlanedDetailDetectTask.h; sourceTree = "<group>"; };
		44B0BFC01E0FE6A800222965 /* SNSPlanedDetailDetectTask.m */ = {isa = PBXFileReference; fileEncoding = 4; lastKnownFileType = sourcecode.c.objc; path = SNSPlanedDetailDetectTask.m; sourceTree = "<group>"; };
/* End PBXFileReference section */

/* Begin PBXFrameworksBuildPhase section */
		4413B44D1E0A0A9B00DD7600 /* Frameworks */ = {
			isa = PBXFrameworksBuildPhase;
			buildActionMask = 2147483647;
			files = (
			);
			runOnlyForDeploymentPostprocessing = 0;
		};
/* End PBXFrameworksBuildPhase section */

/* Begin PBXGroup section */
		4413B4471E0A0A9B00DD7600 = {
			isa = PBXGroup;
			children = (
				4413B4521E0A0A9B00DD7600 /* SNS */,
				4413B4971E0A2C6600DD7600 /* MAIN */,
				4413B4511E0A0A9B00DD7600 /* Products */,
			);
			sourceTree = "<group>";
		};
		4413B4511E0A0A9B00DD7600 /* Products */ = {
			isa = PBXGroup;
			children = (
				4413B4501E0A0A9B00DD7600 /* SNS */,
			);
			name = Products;
			sourceTree = "<group>";
		};
		4413B4521E0A0A9B00DD7600 /* SNS */ = {
			isa = PBXGroup;
			children = (
				4413B4B71E0CC82C00DD7600 /* Geography */,
				441E6D901E19EFEA00198113 /* Antennas */,
				4413B46A1E0A107200DD7600 /* Satellites */,
				4413B4601E0A0C0F00DD7600 /* NetworkManagementCenter */,
				4413B45E1E0A0BF800DD7600 /* TaskDistributionCenter */,
				4413B45A1E0A0AF200DD7600 /* CoreCenter */,
			);
			path = SNS;
			sourceTree = "<group>";
		};
		4413B45A1E0A0AF200DD7600 /* CoreCenter */ = {
			isa = PBXGroup;
			children = (
				4413B4A71E0A800300DD7600 /* SNSCoreCenter.h */,
				4413B4AA1E0A803A00DD7600 /* SNSCoreCenter.m */,
				441E6D8A1E193BF400198113 /* SNSGroundStation.h */,
				441E6D8B1E193BF400198113 /* SNSGroundStation.m */,
			);
			name = CoreCenter;
			sourceTree = "<group>";
		};
		4413B45E1E0A0BF800DD7600 /* TaskDistributionCenter */ = {
			isa = PBXGroup;
			children = (
				4413B4671E0A0C7D00DD7600 /* SNSTaskDistributionCenter.h */,
				4413B4681E0A0C7D00DD7600 /* SNSTaskDistributionCenter.m */,
				4413B48C1E0A1DB600DD7600 /* SNSSatelliteGraphicTaskExecution.h */,
				4413B48D1E0A1DB600DD7600 /* SNSSatelliteGraphicTaskExecution.m */,
				4413B48F1E0A1DBD00DD7600 /* SNSSGTaskExecutionQueue.h */,
				4413B4901E0A1DBD00DD7600 /* SNSSGTaskExecutionQueue.m */,
				4413B4921E0A2B3400DD7600 /* SNSSatelliteAction.h */,
				4413B4931E0A2B3500DD7600 /* SNSSatelliteAction.m */,
				4413B4C71E0D255F00DD7600 /* SNSSGDetailDetectTask.h */,
				4413B4C81E0D255F00DD7600 /* SNSSGDetailDetectTask.m */,
				44B0BFBF1E0FE6A800222965 /* SNSPlanedDetailDetectTask.h */,
				44B0BFC01E0FE6A800222965 /* SNSPlanedDetailDetectTask.m */,
			);
			name = TaskDistributionCenter;
			sourceTree = "<group>";
		};
		4413B4601E0A0C0F00DD7600 /* NetworkManagementCenter */ = {
			isa = PBXGroup;
			children = (
				441E6D871E164AF000198113 /* SNSRouteRecord.h */,
				441E6D881E164AF000198113 /* SNSRouteRecord.m */,
				4413B4641E0A0C5C00DD7600 /* SNSNetworkManageCenter.h */,
				4413B4651E0A0C5C00DD7600 /* SNSNetworkManageCenter.m */,
				4413B49F1E0A693600DD7600 /* SNSSGDPCTTaskExecution.h */,
				4413B4A01E0A693600DD7600 /* SNSSGDPCTTaskExecution.m */,
				4413B4A21E0A6A1900DD7600 /* SNSSGDPCTTaskExecutionQueue.h */,
				4413B4A31E0A6A1900DD7600 /* SNSSGDPCTTaskExecutionQueue.m */,
				4413B4831E0A1D2800DD7600 /* SNSSatelliteGraphicDataPackage.h */,
				4413B4841E0A1D2800DD7600 /* SNSSatelliteGraphicDataPackage.m */,
				4413B4861E0A1D7000DD7600 /* SNSSGDPBufferedQueue.h */,
				4413B4871E0A1D7000DD7600 /* SNSSGDPBufferedQueue.m */,
				4413B4B81E0CD93600DD7600 /* SNSSGDataPackgeCollection.h */,
				4413B4B91E0CD93600DD7600 /* SNSSGDataPackgeCollection.m */,
			);
			name = NetworkManagementCenter;
			sourceTree = "<group>";
		};
		4413B46A1E0A107200DD7600 /* Satellites */ = {
			isa = PBXGroup;
			children = (
				4413B4A61E0A7FDA00DD7600 /* SNSSatellite.h */,
				4413B46F1E0A109B00DD7600 /* SNSSatellite.m */,
				4413B4711E0A140700DD7600 /* SNSUserSatellite.h */,
				4413B4721E0A140700DD7600 /* SNSUserSatellite.m */,
				4413B4771E0A178100DD7600 /* SNSDetailDetectSatellite.h */,
				4413B4AC1E0A80AE00DD7600 /* SNSDetailDetectSatellite.m */,
				441E6D841E15EA0600198113 /* SNSWideAreaScanSatellite.h */,
				441E6D851E15EA0600198113 /* SNSWideAreaScanSatellite.m */,
				4413B4961E0A2B9200DD7600 /* MICRO_SATELLITE.h */,
				4413B4991E0A5B6900DD7600 /* SNSDelaySatellite.h */,
				4413B49A1E0A5B6A00DD7600 /* SNSDelaySatellite.m */,
			);
			name = Satellites;
			sourceTree = "<group>";
		};
		4413B4971E0A2C6600DD7600 /* MAIN */ = {
			isa = PBXGroup;
			children = (
				4413B4531E0A0A9B00DD7600 /* main.m */,
				4413B4981E0A2C7D00DD7600 /* PrefixHeader.pch */,
			);
			name = MAIN;
			path = SNS;
			sourceTree = "<group>";
		};
		4413B4B71E0CC82C00DD7600 /* Geography */ = {
			isa = PBXGroup;
			children = (
				4413B4BB1E0D17EE00DD7600 /* SNSSpacePoint.h */,
				4413B4BC1E0D17EE00DD7600 /* SNSSpacePoint.m */,
				4413B4BE1E0D181000DD7600 /* SNSEarthPoint.h */,
				4413B4BF1E0D181000DD7600 /* SNSEarthPoint.m */,
				4413B4C11E0D187600DD7600 /* SNSMath.h */,
				4413B4C21E0D187600DD7600 /* SNSMath.m */,
				4413B4C41E0D237700DD7600 /* SNSHotArea.h */,
				4413B4C51E0D237700DD7600 /* SNSHotArea.m */,
				441E6D9C1E1B4AA400198113 /* SNSWideScanArea.h */,
				441E6D9D1E1B4AA400198113 /* SNSWideScanArea.m */,
				441E6D9F1E1B7FD200198113 /* SNSNatureDisaster.h */,
				441E6DA01E1B7FD200198113 /* SNSNatureDisaster.m */,
			);
			name = Geography;
			sourceTree = "<group>";
		};
		441E6D901E19EFEA00198113 /* Antennas */ = {
			isa = PBXGroup;
			children = (
				4413B4AE1E0B5F0E00DD7600 /* SNSSatelliteAntenna.h */,
				4413B4AF1E0B5F0E00DD7600 /* SNSSatelliteAntenna.m */,
				4413B4B11E0B6B5400DD7600 /* SNSUserSatelliteAntenna.h */,
				4413B4B21E0B6B5400DD7600 /* SNSUserSatelliteAntenna.m */,
				4413B4B41E0B6B8400DD7600 /* SNSDelaySatelliteAntenna.h */,
				4413B4B51E0B6B8400DD7600 /* SNSDelaySatelliteAntenna.m */,
				441E6D941E1A7DF800198113 /* SNSAntenna.h */,
				441E6D951E1A7E1200198113 /* SNSAntenna.m */,
				441E6D971E1A7E4800198113 /* SNSGroundStationAntenna.h */,
				441E6D921E1A038800198113 /* SNSGroundStationAntenna.m */,
			);
			name = Antennas;
			sourceTree = "<group>";
		};
/* End PBXGroup section */

/* Begin PBXNativeTarget section */
		4413B44F1E0A0A9B00DD7600 /* SNS */ = {
			isa = PBXNativeTarget;
			buildConfigurationList = 4413B4571E0A0A9B00DD7600 /* Build configuration list for PBXNativeTarget "SNS" */;
			buildPhases = (
				4413B44C1E0A0A9B00DD7600 /* Sources */,
				4413B44D1E0A0A9B00DD7600 /* Frameworks */,
				4413B44E1E0A0A9B00DD7600 /* CopyFiles */,
			);
			buildRules = (
			);
			dependencies = (
			);
			name = SNS;
			productName = SNS;
			productReference = 4413B4501E0A0A9B00DD7600 /* SNS */;
			productType = "com.apple.product-type.tool";
		};
/* End PBXNativeTarget section */

/* Begin PBXProject section */
		4413B4481E0A0A9B00DD7600 /* Project object */ = {
			isa = PBXProject;
			attributes = {
				LastUpgradeCheck = 0810;
				ORGANIZATIONNAME = overcode;
				TargetAttributes = {
					4413B44F1E0A0A9B00DD7600 = {
						CreatedOnToolsVersion = 8.1;
						DevelopmentTeam = A535C7GTCH;
						ProvisioningStyle = Automatic;
					};
				};
			};
			buildConfigurationList = 4413B44B1E0A0A9B00DD7600 /* Build configuration list for PBXProject "SNS" */;
			compatibilityVersion = "Xcode 3.2";
			developmentRegion = English;
			hasScannedForEncodings = 0;
			knownRegions = (
				en,
			);
			mainGroup = 4413B4471E0A0A9B00DD7600;
			productRefGroup = 4413B4511E0A0A9B00DD7600 /* Products */;
			projectDirPath = "";
			projectRoot = "";
			targets = (
				4413B44F1E0A0A9B00DD7600 /* SNS */,
			);
		};
/* End PBXProject section */

/* Begin PBXSourcesBuildPhase section */
		4413B44C1E0A0A9B00DD7600 /* Sources */ = {
			isa = PBXSourcesBuildPhase;
			buildActionMask = 2147483647;
			files = (
				4413B4851E0A1D2800DD7600 /* SNSSatelliteGraphicDataPackage.m in Sources */,
				4413B4731E0A140700DD7600 /* SNSUserSatellite.m in Sources */,
				441E6D931E1A038800198113 /* SNSGroundStationAntenna.m in Sources */,
				4413B4881E0A1D7000DD7600 /* SNSSGDPBufferedQueue.m in Sources */,
				4413B4691E0A0C7D00DD7600 /* SNSTaskDistributionCenter.m in Sources */,
				441E6D9E1E1B4AA400198113 /* SNSWideScanArea.m in Sources */,
				4413B48E1E0A1DB600DD7600 /* SNSSatelliteGraphicTaskExecution.m in Sources */,
				4413B4BA1E0CD93600DD7600 /* SNSSGDataPackgeCollection.m in Sources */,
				4413B4BD1E0D17EE00DD7600 /* SNSSpacePoint.m in Sources */,
				441E6D891E164AF000198113 /* SNSRouteRecord.m in Sources */,
				441E6D861E15EA0600198113 /* SNSWideAreaScanSatellite.m in Sources */,
				4413B4541E0A0A9B00DD7600 /* main.m in Sources */,
				4413B4A11E0A693600DD7600 /* SNSSGDPCTTaskExecution.m in Sources */,
				4413B4AB1E0A803A00DD7600 /* SNSCoreCenter.m in Sources */,
				4413B4911E0A1DBD00DD7600 /* SNSSGTaskExecutionQueue.m in Sources */,
				4413B4B31E0B6B5400DD7600 /* SNSUserSatelliteAntenna.m in Sources */,
				441E6DA11E1B7FD200198113 /* SNSNatureDisaster.m in Sources */,
				4413B4A41E0A6A1900DD7600 /* SNSSGDPCTTaskExecutionQueue.m in Sources */,
				4413B4C91E0D255F00DD7600 /* SNSSGDetailDetectTask.m in Sources */,
				4413B4B01E0B5F0E00DD7600 /* SNSSatelliteAntenna.m in Sources */,
				4413B4661E0A0C5C00DD7600 /* SNSNetworkManageCenter.m in Sources */,
				4413B4C61E0D237700DD7600 /* SNSHotArea.m in Sources */,
				4413B4701E0A109B00DD7600 /* SNSSatellite.m in Sources */,
				44B0BFC11E0FE6A800222965 /* SNSPlanedDetailDetectTask.m in Sources */,
				441E6D961E1A7E1200198113 /* SNSAntenna.m in Sources */,
				4413B4AD1E0A80AE00DD7600 /* SNSDetailDetectSatellite.m in Sources */,
				4413B4B61E0B6B8400DD7600 /* SNSDelaySatelliteAntenna.m in Sources */,
				4413B4C31E0D187600DD7600 /* SNSMath.m in Sources */,
				4413B4C01E0D181000DD7600 /* SNSEarthPoint.m in Sources */,
				4413B4941E0A2B3500DD7600 /* SNSSatelliteAction.m in Sources */,
				441E6D8C1E193BF400198113 /* SNSGroundStation.m in Sources */,
				4413B49B1E0A5B6A00DD7600 /* SNSDelaySatellite.m in Sources */,
			);
			runOnlyForDeploymentPostprocessing = 0;
		};
/* End PBXSourcesBuildPhase section */

/* Begin XCBuildConfiguration section */
		4413B4551E0A0A9B00DD7600 /* Debug */ = {
			isa = XCBuildConfiguration;
			buildSettings = {
				ALWAYS_SEARCH_USER_PATHS = NO;
				CLANG_ANALYZER_NONNULL = YES;
				CLANG_CXX_LANGUAGE_STANDARD = "gnu++0x";
				CLANG_CXX_LIBRARY = "libc++";
				CLANG_ENABLE_MODULES = YES;
				CLANG_ENABLE_OBJC_ARC = YES;
				CLANG_WARN_BOOL_CONVERSION = YES;
				CLANG_WARN_CONSTANT_CONVERSION = YES;
				CLANG_WARN_DIRECT_OBJC_ISA_USAGE = YES_ERROR;
				CLANG_WARN_DOCUMENTATION_COMMENTS = YES;
				CLANG_WARN_EMPTY_BODY = YES;
				CLANG_WARN_ENUM_CONVERSION = YES;
				CLANG_WARN_INFINITE_RECURSION = YES;
				CLANG_WARN_INT_CONVERSION = YES;
				CLANG_WARN_OBJC_ROOT_CLASS = YES_ERROR;
				CLANG_WARN_SUSPICIOUS_MOVES = YES;
				CLANG_WARN_UNREACHABLE_CODE = YES;
				CLANG_WARN__DUPLICATE_METHOD_MATCH = YES;
				CODE_SIGN_IDENTITY = "-";
				COPY_PHASE_STRIP = NO;
				DEBUG_INFORMATION_FORMAT = dwarf;
				ENABLE_STRICT_OBJC_MSGSEND = YES;
				ENABLE_TESTABILITY = YES;
				GCC_C_LANGUAGE_STANDARD = gnu99;
				GCC_DYNAMIC_NO_PIC = NO;
				GCC_NO_COMMON_BLOCKS = YES;
				GCC_OPTIMIZATION_LEVEL = 0;
				GCC_PREPROCESSOR_DEFINITIONS = (
					"DEBUG=1",
					"$(inherited)",
				);
				GCC_WARN_64_TO_32_BIT_CONVERSION = YES;
				GCC_WARN_ABOUT_RETURN_TYPE = YES_ERROR;
				GCC_WARN_UNDECLARED_SELECTOR = YES;
				GCC_WARN_UNINITIALIZED_AUTOS = YES_AGGRESSIVE;
				GCC_WARN_UNUSED_FUNCTION = YES;
				GCC_WARN_UNUSED_VARIABLE = YES;
				MACOSX_DEPLOYMENT_TARGET = 10.12;
				MTL_ENABLE_DEBUG_INFO = YES;
				ONLY_ACTIVE_ARCH = YES;
				SDKROOT = macosx;
			};
			name = Debug;
		};
		4413B4561E0A0A9B00DD7600 /* Release */ = {
			isa = XCBuildConfiguration;
			buildSettings = {
				ALWAYS_SEARCH_USER_PATHS = NO;
				CLANG_ANALYZER_NONNULL = YES;
				CLANG_CXX_LANGUAGE_STANDARD = "gnu++0x";
				CLANG_CXX_LIBRARY = "libc++";
				CLANG_ENABLE_MODULES = YES;
				CLANG_ENABLE_OBJC_ARC = YES;
				CLANG_WARN_BOOL_CONVERSION = YES;
				CLANG_WARN_CONSTANT_CONVERSION = YES;
				CLANG_WARN_DIRECT_OBJC_ISA_USAGE = YES_ERROR;
				CLANG_WARN_DOCUMENTATION_COMMENTS = YES;
				CLANG_WARN_EMPTY_BODY = YES;
				CLANG_WARN_ENUM_CONVERSION = YES;
				CLANG_WARN_INFINITE_RECURSION = YES;
				CLANG_WARN_INT_CONVERSION = YES;
				CLANG_WARN_OBJC_ROOT_CLASS = YES_ERROR;
				CLANG_WARN_SUSPICIOUS_MOVES = YES;
				CLANG_WARN_UNREACHABLE_CODE = YES;
				CLANG_WARN__DUPLICATE_METHOD_MATCH = YES;
				CODE_SIGN_IDENTITY = "-";
				COPY_PHASE_STRIP = NO;
				DEBUG_INFORMATION_FORMAT = "dwarf-with-dsym";
				ENABLE_NS_ASSERTIONS = NO;
				ENABLE_STRICT_OBJC_MSGSEND = YES;
				GCC_C_LANGUAGE_STANDARD = gnu99;
				GCC_NO_COMMON_BLOCKS = YES;
				GCC_WARN_64_TO_32_BIT_CONVERSION = YES;
				GCC_WARN_ABOUT_RETURN_TYPE = YES_ERROR;
				GCC_WARN_UNDECLARED_SELECTOR = YES;
				GCC_WARN_UNINITIALIZED_AUTOS = YES_AGGRESSIVE;
				GCC_WARN_UNUSED_FUNCTION = YES;
				GCC_WARN_UNUSED_VARIABLE = YES;
				MACOSX_DEPLOYMENT_TARGET = 10.12;
				MTL_ENABLE_DEBUG_INFO = NO;
				SDKROOT = macosx;
			};
			name = Release;
		};
		4413B4581E0A0A9B00DD7600 /* Debug */ = {
			isa = XCBuildConfiguration;
			buildSettings = {
				DEVELOPMENT_TEAM = A535C7GTCH;
				GCC_PREFIX_HEADER = "$(SRCROOT)/SNS/PrefixHeader.pch";
				PRODUCT_NAME = "$(TARGET_NAME)";
			};
			name = Debug;
		};
		4413B4591E0A0A9B00DD7600 /* Release */ = {
			isa = XCBuildConfiguration;
			buildSettings = {
				DEVELOPMENT_TEAM = A535C7GTCH;
				GCC_PREFIX_HEADER = "$(SRCROOT)/SNS/PrefixHeader.pch";
				PRODUCT_NAME = "$(TARGET_NAME)";
			};
			name = Release;
		};
/* End XCBuildConfiguration section */

/* Begin XCConfigurationList section */
		4413B44B1E0A0A9B00DD7600 /* Build configuration list for PBXProject "SNS" */ = {
			isa = XCConfigurationList;
			buildConfigurations = (
				4413B4551E0A0A9B00DD7600 /* Debug */,
				4413B4561E0A0A9B00DD7600 /* Release */,
			);
			defaultConfigurationIsVisible = 0;
			defaultConfigurationName = Release;
		};
		4413B4571E0A0A9B00DD7600 /* Build configuration list for PBXNativeTarget "SNS" */ = {
			isa = XCConfigurationList;
			buildConfigurations = (
				4413B4581E0A0A9B00DD7600 /* Debug */,
				4413B4591E0A0A9B00DD7600 /* Release */,
			);
			defaultConfigurationIsVisible = 0;
			defaultConfigurationName = Release;
		};
/* End XCConfigurationList section */
	};
	rootObject = 4413B4481E0A0A9B00DD7600 /* Project object */;
}
