// !$*UTF8*$!
{
	archiveVersion = 1;
	classes = {
	};
	objectVersion = 46;
	objects = {

/* Begin PBXBuildFile section */
		4413B4541E0A0A9B00DD7600 /* main.m in Sources */ = {isa = PBXBuildFile; fileRef = 4413B4531E0A0A9B00DD7600 /* main.m */; };
/* End PBXBuildFile section */

/* Begin PBXCopyFilesBuildPhase section */
		4413B44E1E0A0A9B00DD7600 /* CopyFiles */ = {
			isa = PBXCopyFilesBuildPhase;
			buildActionMask = 2147483647;
			dstPath = /usr/share/man/man1/;
			dstSubfolderSpec = 0;
			files = (
			);
			runOnlyForDeploymentPostprocessing = 1;
		};
/* End PBXCopyFilesBuildPhase section */

/* Begin PBXFileReference section */
		4413B4501E0A0A9B00DD7600 /* SNS */ = {isa = PBXFileReference; explicitFileType = "compiled.mach-o.executable"; includeInIndex = 0; path = SNS; sourceTree = BUILT_PRODUCTS_DIR; };
		4413B4531E0A0A9B00DD7600 /* main.m */ = {isa = PBXFileReference; lastKnownFileType = sourcecode.c.objc; path = main.m; sourceTree = "<group>"; };
/* End PBXFileReference section */

/* Begin PBXFrameworksBuildPhase section */
		4413B44D1E0A0A9B00DD7600 /* Frameworks */ = {
			isa = PBXFrameworksBuildPhase;
			buildActionMask = 2147483647;
			files = (
			);
			runOnlyForDeploymentPostprocessing = 0;
		};
/* End PBXFrameworksBuildPhase section */

/* Begin PBXGroup section */
		4413B4471E0A0A9B00DD7600 = {
			isa = PBXGroup;
			children = (
				4413B4521E0A0A9B00DD7600 /* SNS */,
				4413B4511E0A0A9B00DD7600 /* Products */,
			);
			sourceTree = "<group>";
		};
		4413B4511E0A0A9B00DD7600 /* Products */ = {
			isa = PBXGroup;
			children = (
				4413B4501E0A0A9B00DD7600 /* SNS */,
			);
			name = Products;
			sourceTree = "<group>";
		};
		4413B4521E0A0A9B00DD7600 /* SNS */ = {
			isa = PBXGroup;
			children = (
				4413B4531E0A0A9B00DD7600 /* main.m */,
			);
			path = SNS;
			sourceTree = "<group>";
		};
/* End PBXGroup section */

/* Begin PBXNativeTarget section */
		4413B44F1E0A0A9B00DD7600 /* SNS */ = {
			isa = PBXNativeTarget;
			buildConfigurationList = 4413B4571E0A0A9B00DD7600 /* Build configuration list for PBXNativeTarget "SNS" */;
			buildPhases = (
				4413B44C1E0A0A9B00DD7600 /* Sources */,
				4413B44D1E0A0A9B00DD7600 /* Frameworks */,
				4413B44E1E0A0A9B00DD7600 /* CopyFiles */,
			);
			buildRules = (
			);
			dependencies = (
			);
			name = SNS;
			productName = SNS;
			productReference = 4413B4501E0A0A9B00DD7600 /* SNS */;
			productType = "com.apple.product-type.tool";
		};
/* End PBXNativeTarget section */

/* Begin PBXProject section */
		4413B4481E0A0A9B00DD7600 /* Project object */ = {
			isa = PBXProject;
			attributes = {
				LastUpgradeCheck = 0810;
				ORGANIZATIONNAME = overcode;
				TargetAttributes = {
					4413B44F1E0A0A9B00DD7600 = {
						CreatedOnToolsVersion = 8.1;
						DevelopmentTeam = A535C7GTCH;
						ProvisioningStyle = Automatic;
					};
				};
			};
			buildConfigurationList = 4413B44B1E0A0A9B00DD7600 /* Build configuration list for PBXProject "SNS" */;
			compatibilityVersion = "Xcode 3.2";
			developmentRegion = English;
			hasScannedForEncodings = 0;
			knownRegions = (
				en,
			);
			mainGroup = 4413B4471E0A0A9B00DD7600;
			productRefGroup = 4413B4511E0A0A9B00DD7600 /* Products */;
			projectDirPath = "";
			projectRoot = "";
			targets = (
				4413B44F1E0A0A9B00DD7600 /* SNS */,
			);
		};
/* End PBXProject section */

/* Begin PBXSourcesBuildPhase section */
		4413B44C1E0A0A9B00DD7600 /* Sources */ = {
			isa = PBXSourcesBuildPhase;
			buildActionMask = 2147483647;
			files = (
				4413B4541E0A0A9B00DD7600 /* main.m in Sources */,
			);
			runOnlyForDeploymentPostprocessing = 0;
		};
/* End PBXSourcesBuildPhase section */

/* Begin XCBuildConfiguration section */
		4413B4551E0A0A9B00DD7600 /* Debug */ = {
			isa = XCBuildConfiguration;
			buildSettings = {
				ALWAYS_SEARCH_USER_PATHS = NO;
				CLANG_ANALYZER_NONNULL = YES;
				CLANG_CXX_LANGUAGE_STANDARD = "gnu++0x";
				CLANG_CXX_LIBRARY = "libc++";
				CLANG_ENABLE_MODULES = YES;
				CLANG_ENABLE_OBJC_ARC = YES;
				CLANG_WARN_BOOL_CONVERSION = YES;
				CLANG_WARN_CONSTANT_CONVERSION = YES;
				CLANG_WARN_DIRECT_OBJC_ISA_USAGE = YES_ERROR;
				CLANG_WARN_DOCUMENTATION_COMMENTS = YES;
				CLANG_WARN_EMPTY_BODY = YES;
				CLANG_WARN_ENUM_CONVERSION = YES;
				CLANG_WARN_INFINITE_RECURSION = YES;
				CLANG_WARN_INT_CONVERSION = YES;
				CLANG_WARN_OBJC_ROOT_CLASS = YES_ERROR;
				CLANG_WARN_SUSPICIOUS_MOVES = YES;
				CLANG_WARN_UNREACHABLE_CODE = YES;
				CLANG_WARN__DUPLICATE_METHOD_MATCH = YES;
				CODE_SIGN_IDENTITY = "-";
				COPY_PHASE_STRIP = NO;
				DEBUG_INFORMATION_FORMAT = dwarf;
				ENABLE_STRICT_OBJC_MSGSEND = YES;
				ENABLE_TESTABILITY = YES;
				GCC_C_LANGUAGE_STANDARD = gnu99;
				GCC_DYNAMIC_NO_PIC = NO;
				GCC_NO_COMMON_BLOCKS = YES;
				GCC_OPTIMIZATION_LEVEL = 0;
				GCC_PREPROCESSOR_DEFINITIONS = (
					"DEBUG=1",
					"$(inherited)",
				);
				GCC_WARN_64_TO_32_BIT_CONVERSION = YES;
				GCC_WARN_ABOUT_RETURN_TYPE = YES_ERROR;
				GCC_WARN_UNDECLARED_SELECTOR = YES;
				GCC_WARN_UNINITIALIZED_AUTOS = YES_AGGRESSIVE;
				GCC_WARN_UNUSED_FUNCTION = YES;
				GCC_WARN_UNUSED_VARIABLE = YES;
				MACOSX_DEPLOYMENT_TARGET = 10.12;
				MTL_ENABLE_DEBUG_INFO = YES;
				ONLY_ACTIVE_ARCH = YES;
				SDKROOT = macosx;
			};
			name = Debug;
		};
		4413B4561E0A0A9B00DD7600 /* Release */ = {
			isa = XCBuildConfiguration;
			buildSettings = {
				ALWAYS_SEARCH_USER_PATHS = NO;
				CLANG_ANALYZER_NONNULL = YES;
				CLANG_CXX_LANGUAGE_STANDARD = "gnu++0x";
				CLANG_CXX_LIBRARY = "libc++";
				CLANG_ENABLE_MODULES = YES;
				CLANG_ENABLE_OBJC_ARC = YES;
				CLANG_WARN_BOOL_CONVERSION = YES;
				CLANG_WARN_CONSTANT_CONVERSION = YES;
				CLANG_WARN_DIRECT_OBJC_ISA_USAGE = YES_ERROR;
				CLANG_WARN_DOCUMENTATION_COMMENTS = YES;
				CLANG_WARN_EMPTY_BODY = YES;
				CLANG_WARN_ENUM_CONVERSION = YES;
				CLANG_WARN_INFINITE_RECURSION = YES;
				CLANG_WARN_INT_CONVERSION = YES;
				CLANG_WARN_OBJC_ROOT_CLASS = YES_ERROR;
				CLANG_WARN_SUSPICIOUS_MOVES = YES;
				CLANG_WARN_UNREACHABLE_CODE = YES;
				CLANG_WARN__DUPLICATE_METHOD_MATCH = YES;
				CODE_SIGN_IDENTITY = "-";
				COPY_PHASE_STRIP = NO;
				DEBUG_INFORMATION_FORMAT = "dwarf-with-dsym";
				ENABLE_NS_ASSERTIONS = NO;
				ENABLE_STRICT_OBJC_MSGSEND = YES;
				GCC_C_LANGUAGE_STANDARD = gnu99;
				GCC_NO_COMMON_BLOCKS = YES;
				GCC_WARN_64_TO_32_BIT_CONVERSION = YES;
				GCC_WARN_ABOUT_RETURN_TYPE = YES_ERROR;
				GCC_WARN_UNDECLARED_SELECTOR = YES;
				GCC_WARN_UNINITIALIZED_AUTOS = YES_AGGRESSIVE;
				GCC_WARN_UNUSED_FUNCTION = YES;
				GCC_WARN_UNUSED_VARIABLE = YES;
				MACOSX_DEPLOYMENT_TARGET = 10.12;
				MTL_ENABLE_DEBUG_INFO = NO;
				SDKROOT = macosx;
			};
			name = Release;
		};
		4413B4581E0A0A9B00DD7600 /* Debug */ = {
			isa = XCBuildConfiguration;
			buildSettings = {
				DEVELOPMENT_TEAM = A535C7GTCH;
				PRODUCT_NAME = "$(TARGET_NAME)";
			};
			name = Debug;
		};
		4413B4591E0A0A9B00DD7600 /* Release */ = {
			isa = XCBuildConfiguration;
			buildSettings = {
				DEVELOPMENT_TEAM = A535C7GTCH;
				PRODUCT_NAME = "$(TARGET_NAME)";
			};
			name = Release;
		};
/* End XCBuildConfiguration section */

/* Begin XCConfigurationList section */
		4413B44B1E0A0A9B00DD7600 /* Build configuration list for PBXProject "SNS" */ = {
			isa = XCConfigurationList;
			buildConfigurations = (
				4413B4551E0A0A9B00DD7600 /* Debug */,
				4413B4561E0A0A9B00DD7600 /* Release */,
			);
			defaultConfigurationIsVisible = 0;
			defaultConfigurationName = Release;
		};
		4413B4571E0A0A9B00DD7600 /* Build configuration list for PBXNativeTarget "SNS" */ = {
			isa = XCConfigurationList;
			buildConfigurations = (
				4413B4581E0A0A9B00DD7600 /* Debug */,
				4413B4591E0A0A9B00DD7600 /* Release */,
			);
			defaultConfigurationIsVisible = 0;
		};
/* End XCConfigurationList section */
	};
	rootObject = 4413B4481E0A0A9B00DD7600 /* Project object */;
}
